# This file is autogenerated, do not edit; changes may be undone by the next 'dep ensure'.


[[projects]]
  name = "github.com/agext/levenshtein"
  packages = ["."]
  revision = "5f10fee965225ac1eecdc234c09daf5cd9e7f7b6"
  version = "v1.2.1"

[[projects]]
  branch = "master"
  name = "github.com/alexflint/go-arg"
  packages = ["."]
  revision = "59fccacb2679dde66e0b20ed65bd26178fcbf54e"

[[projects]]
  branch = "master"
  name = "github.com/alexflint/go-scalar"
  packages = ["."]
  revision = "e80c3b7ed292b052c7083b6fd7154a8422c33f65"

[[projects]]
  branch = "master"
  name = "github.com/apparentlymart/go-cidr"
  packages = ["cidr"]
  revision = "2bd8b58cf4275aeb086ade613de226773e29e853"

[[projects]]
  branch = "master"
  name = "github.com/apparentlymart/go-textseg"
  packages = ["textseg"]
  revision = "b836f5c4d331d1945a2fead7188db25432d73b69"

[[projects]]
  branch = "master"
  name = "github.com/armon/go-radix"
  packages = ["."]
  revision = "1fca145dffbcaa8fe914309b1ec0cfc67500fe61"

[[projects]]
  branch = "master"
  name = "github.com/atotto/clipboard"
  packages = ["."]
  revision = "bb272b845f1112e10117e3e45ce39f690c0001ad"

[[projects]]
  name = "github.com/aws/aws-sdk-go"
  packages = ["aws","aws/awserr","aws/awsutil","aws/client","aws/client/metadata","aws/corehandlers","aws/credentials","aws/credentials/ec2rolecreds","aws/credentials/endpointcreds","aws/credentials/stscreds","aws/defaults","aws/ec2metadata","aws/endpoints","aws/request","aws/session","aws/signer/v4","internal/shareddefaults","private/protocol","private/protocol/query","private/protocol/query/queryutil","private/protocol/rest","private/protocol/restxml","private/protocol/xml/xmlutil","service/s3","service/sts"]
  revision = "ab772a0ae5d958feb51cba2a65eca3911882d791"
  version = "v1.12.49"

[[projects]]
  branch = "master"
  name = "github.com/bgentry/go-netrc"
  packages = ["netrc"]
  revision = "9fd32a8b3d3d3f9d43c341bfe098430e07609480"

[[projects]]
  name = "github.com/bgentry/speakeasy"
  packages = ["."]
  revision = "4aabc24848ce5fd31929f7d1e4ea74d3709c14cd"
  version = "v0.1.0"

[[projects]]
  name = "github.com/blang/semver"
  packages = ["."]
  revision = "2ee87856327ba09384cabd113bc6b5d174e9ec0f"
  version = "v3.5.1"

[[projects]]
  name = "github.com/cenkalti/backoff"
  packages = ["."]
  revision = "61153c768f31ee5f130071d08fc82b85208528de"
  version = "v1.1.0"

[[projects]]
  name = "github.com/davecgh/go-spew"
  packages = ["spew"]
  revision = "346938d642f2ec3594ed81d874461961cd0faa76"
  version = "v1.1.0"

[[projects]]
  branch = "master"
  name = "github.com/dominikschulz/github-releases"
  packages = [".","ghrel"]
  revision = "7635b43b24478da37c5559e0950897f1560dbbdb"

[[projects]]
  name = "github.com/fatih/color"
  packages = ["."]
  revision = "570b54cabe6b8eb0bc2dfce68d964677d63b5260"
  version = "v1.5.0"

[[projects]]
  branch = "master"
  name = "github.com/gdamore/encoding"
  packages = ["."]
  revision = "b23993cbb6353f0e6aa98d0ee318a34728f628b9"

[[projects]]
  name = "github.com/gdamore/tcell"
  packages = [".","termbox","terminfo"]
  revision = "061d51a604c546b48e92253cb65190d76cecf4c6"
  version = "v1.0.0"

[[projects]]
  name = "github.com/go-ini/ini"
  packages = ["."]
  revision = "32e4c1e6bc4e7d0d8451aa6b75200d19e37a536a"
  version = "v1.32.0"

[[projects]]
  name = "github.com/godbus/dbus"
  packages = ["."]
  revision = "a389bdde4dd695d414e47b755e95e72b7826432c"
  version = "v4.1.0"

[[projects]]
  branch = "master"
  name = "github.com/gokyle/twofactor"
  packages = ["."]
  revision = "eaad1884d40f9cabff98a57a524c17afd00c9fe7"

[[projects]]
  branch = "master"
  name = "github.com/golang/protobuf"
  packages = ["proto","ptypes","ptypes/any","ptypes/duration","ptypes/timestamp"]
  revision = "1e59b77b52bf8e4b449a57e6f79f21226d571845"

[[projects]]
  branch = "master"
  name = "github.com/hashicorp/errwrap"
  packages = ["."]
  revision = "7554cd9344cec97297fa6649b055a8c98c2a1e55"

[[projects]]
  branch = "master"
  name = "github.com/hashicorp/go-cleanhttp"
  packages = ["."]
  revision = "d5fe4b57a186c716b0e00b8c301cbd9b4182694d"

[[projects]]
  branch = "master"
  name = "github.com/hashicorp/go-getter"
  packages = [".","helper/url"]
  revision = "994f50a6f071b07cfbea9eca9618c9674091ca51"

[[projects]]
  branch = "master"
  name = "github.com/hashicorp/go-hclog"
  packages = ["."]
  revision = "ca137eb4b4389c9bc6f1a6d887f056bf16c00510"

[[projects]]
  branch = "master"
  name = "github.com/hashicorp/go-multierror"
  packages = ["."]
  revision = "b7773ae218740a7be65057fc60b366a49b538a44"

[[projects]]
  branch = "master"
  name = "github.com/hashicorp/go-plugin"
  packages = ["."]
  revision = "e2fbc6864d18d3c37b6cde4297ec9fca266d28f1"

[[projects]]
  branch = "master"
  name = "github.com/hashicorp/go-uuid"
  packages = ["."]
  revision = "64130c7a86d732268a38cb04cfbaf0cc987fda98"

[[projects]]
  branch = "master"
  name = "github.com/hashicorp/go-version"
  packages = ["."]
  revision = "4fe82ae3040f80a03d04d2cccb5606a626b8e1ee"

[[projects]]
  branch = "master"
  name = "github.com/hashicorp/hcl"
  packages = [".","hcl/ast","hcl/parser","hcl/scanner","hcl/strconv","hcl/token","json/parser","json/scanner","json/token"]
  revision = "23c074d0eceb2b8a5bfdbb271ab780cde70f05a8"

[[projects]]
  branch = "master"
  name = "github.com/hashicorp/hcl2"
  packages = ["gohcl","hcl","hcl/hclsyntax","hcl/json","hcldec","hclparse"]
  revision = "44bad6dbf5490f5da17ec991e664df3d017b706f"

[[projects]]
  branch = "master"
  name = "github.com/hashicorp/hil"
  packages = [".","ast","parser","scanner"]
  revision = "fa9f258a92500514cc8e9c67020487709df92432"

[[projects]]
  branch = "master"
  name = "github.com/hashicorp/logutils"
  packages = ["."]
  revision = "0dc08b1671f34c4250ce212759ebd880f743d883"

[[projects]]
  name = "github.com/hashicorp/terraform"
  packages = ["config","config/configschema","config/hcl2shim","config/module","dag","flatmap","helper/config","helper/hashcode","helper/hilmapstructure","helper/logging","helper/resource","helper/schema","moduledeps","plugin","plugin/discovery","registry/regsrc","registry/response","svchost","svchost/auth","svchost/disco","terraform","tfdiags","version"]
  revision = "a42fdb08a43c7fabb8898fe8c286b793bbaa4835"
  version = "v0.11.1"

[[projects]]
  branch = "master"
  name = "github.com/hashicorp/yamux"
  packages = ["."]
  revision = "f5742cb6b85602e7fa834e9d5d91a7d7fa850824"

[[projects]]
  name = "github.com/jmespath/go-jmespath"
  packages = ["."]
  revision = "0b12d6b5"

[[projects]]
  name = "github.com/justwatchcom/gopass"
  packages = ["action","backend/git/cli","backend/gpg","backend/gpg/cli","config","store","store/root","store/secret","store/sub","utils/ctxutil","utils/fsutil","utils/jsonapi","utils/jsonapi/manifest","utils/notify","utils/out","utils/protect","utils/pwgen","utils/pwgen/xkcdgen","utils/qrcon","utils/termutil","utils/termwiz","utils/tpl","utils/tree","utils/tree/simple"]
  revision = "36a16d8ba4f71627377a1d5130b0723851baedea"
  version = "v1.6.5"

[[projects]]
  branch = "master"
  name = "github.com/kballard/go-shellquote"
  packages = ["."]
  revision = "cd60e84ee657ff3dc51de0b4f55dd299a3e136f2"

[[projects]]
  branch = "master"
  name = "github.com/lucasb-eyer/go-colorful"
  packages = ["."]
  revision = "231272389856c976b7500c4fffcc52ddf06ff4eb"

[[projects]]
  branch = "master"
  name = "github.com/martinhoefling/goxkcdpwgen"
  packages = ["xkcdpwgen"]
  revision = "2d1f183547aa87620ddc845fcc498b0d04b5e646"

[[projects]]
  name = "github.com/mattn/go-colorable"
  packages = ["."]
  revision = "167de6bfdfba052fa6b2d3664c8f5272e23c9072"
  version = "v0.0.9"

[[projects]]
  name = "github.com/mattn/go-isatty"
  packages = ["."]
  revision = "0360b2af4f38e8d38c7fce2a9f4e702702d73a39"
  version = "v0.0.3"

[[projects]]
  name = "github.com/mattn/go-runewidth"
  packages = ["."]
  revision = "9e777a8366cce605130a531d2cd6363d07ad7317"
  version = "v0.0.2"

[[projects]]
  branch = "master"
  name = "github.com/mitchellh/cli"
  packages = ["."]
  revision = "33edc47170b5df54d2588696d590c5e20ee583fe"

[[projects]]
  branch = "master"
  name = "github.com/mitchellh/copystructure"
  packages = ["."]
  revision = "d23ffcb85de31694d6ccaa23ccb4a03e55c1303f"

[[projects]]
  branch = "master"
  name = "github.com/mitchellh/go-homedir"
  packages = ["."]
  revision = "b8bc1bf767474819792c23f32d8286a45736f1c6"

[[projects]]
  branch = "master"
  name = "github.com/mitchellh/go-testing-interface"
  packages = ["."]
  revision = "a61a99592b77c9ba629d254a693acffaeb4b7e28"

[[projects]]
  branch = "master"
  name = "github.com/mitchellh/go-wordwrap"
  packages = ["."]
  revision = "ad45545899c7b13c020ea92b2072220eefad42b8"

[[projects]]
  branch = "master"
  name = "github.com/mitchellh/hashstructure"
  packages = ["."]
  revision = "2bca23e0e452137f789efbc8610126fd8b94f73b"

[[projects]]
  branch = "master"
  name = "github.com/mitchellh/mapstructure"
  packages = ["."]
  revision = "06020f85339e21b2478f756a78e295255ffa4d6a"

[[projects]]
  branch = "master"
  name = "github.com/mitchellh/reflectwalk"
  packages = ["."]
  revision = "63d60e9d0dbc60cf9164e6510889b0db6683d98c"

[[projects]]
  branch = "master"
  name = "github.com/muesli/crunchy"
  packages = ["."]
  revision = "4ec98f770e27a3667496bfcfc124257c7d9b9ecd"

[[projects]]
  branch = "master"
  name = "github.com/muesli/goprogressbar"
  packages = ["."]
  revision = "dd17953263532f3008704b72727d04703c4fd45e"

[[projects]]
  name = "github.com/pkg/errors"
  packages = ["."]
  revision = "645ef00459ed84a119197bfb8d8205042c6df63d"
  version = "v0.8.0"

[[projects]]
  name = "github.com/posener/complete"
  packages = [".","cmd","cmd/install","match"]
  revision = "dc2bc5a81accba8782bebea28628224643a8286a"
  version = "v1.1"

[[projects]]
  name = "github.com/satori/go.uuid"
  packages = ["."]
  revision = "879c5887cd475cd7864858769793b2ceb0d44feb"
  version = "v1.1.0"

[[projects]]
  name = "github.com/schollz/closestmatch"
  packages = ["."]
  revision = "56fb6b15a5e88fbcbc21b196488e749fc176514c"
  version = "v2.1.0"

[[projects]]
  branch = "master"
  name = "github.com/skip2/go-qrcode"
  packages = [".","bitset","reedsolomon"]
  revision = "80895b4a9eff675bc0f8ea09f60106bca9ac44c8"

[[projects]]
  name = "github.com/ulikunitz/xz"
  packages = [".","internal/hash","internal/xlog","lzma"]
  revision = "0c6b41e72360850ca4f98dc341fd999726ea007f"
  version = "v0.5.4"

[[projects]]
  name = "github.com/urfave/cli"
  packages = ["."]
  revision = "cfb38830724cc34fedffe9a2a29fb54fa9169cd1"
  version = "v1.20.0"

[[projects]]
  branch = "master"
  name = "github.com/xrash/smetrics"
  packages = ["."]
  revision = "a3153f7040e90324c58c6287535e26a0ac5c1cc1"

[[projects]]
  branch = "master"
  name = "github.com/zclconf/go-cty"
  packages = ["cty","cty/convert","cty/function","cty/function/stdlib","cty/gocty","cty/json","cty/set"]
  revision = "48ce95f3a00f37ac934ff90a62e377146f9428e1"

[[projects]]
  branch = "master"
  name = "golang.org/x/crypto"
  packages = ["bcrypt","blowfish","cast5","openpgp","openpgp/armor","openpgp/elgamal","openpgp/errors","openpgp/packet","openpgp/s2k","ssh/terminal"]
  revision = "d585fd2cc9195196078f516b69daff6744ef5e84"

[[projects]]
  branch = "master"
  name = "golang.org/x/net"
  packages = ["context","html","html/atom","http2","http2/hpack","idna","internal/timeseries","lex/httplex","publicsuffix","trace"]
  revision = "d866cfc389cec985d6fda2859936a575a55a3ab6"

[[projects]]
  branch = "master"
  name = "golang.org/x/sys"
  packages = ["unix","windows","windows/registry"]
  revision = "571f7bbbe08da2a8955aed9d4db316e78630e9a3"

[[projects]]
  branch = "master"
  name = "golang.org/x/text"
  packages = ["collate","collate/build","encoding","encoding/internal/identifier","internal/colltab","internal/gen","internal/tag","internal/triegen","internal/ucd","language","secure/bidirule","transform","unicode/bidi","unicode/cldr","unicode/norm","unicode/rangetable"]
  revision = "eb22672bea55af56d225d4e35405f4d2e9f062a0"

[[projects]]
  branch = "master"
  name = "google.golang.org/genproto"
  packages = ["googleapis/rpc/status"]
  revision = "a8101f21cf983e773d0c1133ebc5424792003214"

[[projects]]
  name = "google.golang.org/grpc"
  packages = [".","balancer","balancer/roundrobin","codes","connectivity","credentials","encoding","grpclb/grpc_lb_v1/messages","grpclog","health","health/grpc_health_v1","internal","keepalive","metadata","naming","peer","resolver","resolver/dns","resolver/passthrough","stats","status","tap","transport"]
  revision = "e687fa4e6424368ece6e4fe727cea2c806a0fcb4"
  version = "v1.8.2"

[[projects]]
  branch = "v2"
  name = "gopkg.in/yaml.v2"
  packages = ["."]
  revision = "287cf08546ab5e7e37d55a84f7ed3fd1db036de5"

[[projects]]
  branch = "master"
  name = "rsc.io/qr"
  packages = [".","coding","gf256"]
  revision = "48b2ede4844e13f1a2b7ce4d2529c9af7e359fc5"

[solve-meta]
  analyzer-name = "dep"
  analyzer-version = 1
  inputs-digest = "8e25753c33c9bcfc1ee27b363c4e40c234c79b485409a9b921829b0481899756"
  solver-name = "gps-cdcl"
  solver-version = 1
